// !$*UTF8*$!
{
	archiveVersion = 1;
	classes = {
	};
	objectVersion = 45;
	objects = {

/* Begin PBXBuildFile section */
		585CF2780ED72239003B673B /* gtest.framework in Frameworks */ = {isa = PBXBuildFile; fileRef = 585CF2760ED72239003B673B /* gtest.framework */; };
		585CF2790ED72239003B673B /* WildcatUtility.framework in Frameworks */ = {isa = PBXBuildFile; fileRef = 585CF2770ED72239003B673B /* WildcatUtility.framework */; };
		585CF2890ED7231D003B673B /* libxerces-c.28.0.dylib in Frameworks */ = {isa = PBXBuildFile; fileRef = 585CF2880ED7231D003B673B /* libxerces-c.28.0.dylib */; };
		585CF28E0ED7236A003B673B /* test_vector.cpp in Sources */ = {isa = PBXBuildFile; fileRef = 585CF28D0ED7236A003B673B /* test_vector.cpp */; };
		8DD76F650486A84900D96B5E /* main.cpp in Sources */ = {isa = PBXBuildFile; fileRef = 08FB7796FE84155DC02AAC07 /* main.cpp */; settings = {ATTRIBUTES = (); }; };
/* End PBXBuildFile section */

/* Begin PBXCopyFilesBuildPhase section */
		8DD76F690486A84900D96B5E /* CopyFiles */ = {
			isa = PBXCopyFilesBuildPhase;
			buildActionMask = 8;
			dstPath = /usr/share/man/man1/;
			dstSubfolderSpec = 0;
			files = (
			);
			runOnlyForDeploymentPostprocessing = 1;
		};
/* End PBXCopyFilesBuildPhase section */

/* Begin PBXFileReference section */
		08FB7796FE84155DC02AAC07 /* main.cpp */ = {isa = PBXFileReference; fileEncoding = 4; lastKnownFileType = sourcecode.cpp.cpp; path = main.cpp; sourceTree = "<group>"; };
		585CF2760ED72239003B673B /* gtest.framework */ = {isa = PBXFileReference; lastKnownFileType = wrapper.framework; name = gtest.framework; path = /Library/Frameworks/gtest.framework; sourceTree = "<absolute>"; };
		585CF2770ED72239003B673B /* WildcatUtility.framework */ = {isa = PBXFileReference; lastKnownFileType = wrapper.framework; name = WildcatUtility.framework; path = /Library/Frameworks/WildcatUtility.framework; sourceTree = "<absolute>"; };
		585CF2880ED7231D003B673B /* libxerces-c.28.0.dylib */ = {isa = PBXFileReference; lastKnownFileType = "compiled.mach-o.dylib"; name = "libxerces-c.28.0.dylib"; path = "../Dependencies/xerces-c-src_2_8_0/lib/libxerces-c.28.0.dylib"; sourceTree = SOURCE_ROOT; };
		585CF28D0ED7236A003B673B /* test_vector.cpp */ = {isa = PBXFileReference; fileEncoding = 4; lastKnownFileType = sourcecode.cpp.cpp; path = test_vector.cpp; sourceTree = "<group>"; };
		585CF2970ED72481003B673B /* UnitTesting */ = {isa = PBXFileReference; explicitFileType = "compiled.mach-o.executable"; includeInIndex = 0; name = UnitTesting; path = build/Debug/UnitTesting; sourceTree = "<group>"; };
/* End PBXFileReference section */

/* Begin PBXFrameworksBuildPhase section */
		8DD76F660486A84900D96B5E /* Frameworks */ = {
			isa = PBXFrameworksBuildPhase;
			buildActionMask = 2147483647;
			files = (
				585CF2780ED72239003B673B /* gtest.framework in Frameworks */,
				585CF2790ED72239003B673B /* WildcatUtility.framework in Frameworks */,
				585CF2890ED7231D003B673B /* libxerces-c.28.0.dylib in Frameworks */,
			);
			runOnlyForDeploymentPostprocessing = 0;
		};
/* End PBXFrameworksBuildPhase section */

/* Begin PBXGroup section */
		08FB7794FE84155DC02AAC07 /* boost_test */ = {
			isa = PBXGroup;
			children = (
				58031C2D0ECDDF790091F0D9 /* Linked Libraries */,
				585CF2B50ED724B4003B673B /* Tests */,
				08FB7795FE84155DC02AAC07 /* Source */,
				1AB674ADFE9D54B511CA2CBB /* Products */,
			);
			name = boost_test;
			sourceTree = "<group>";
		};
		08FB7795FE84155DC02AAC07 /* Source */ = {
			isa = PBXGroup;
			children = (
				08FB7796FE84155DC02AAC07 /* main.cpp */,
			);
			name = Source;
			sourceTree = "<group>";
		};
		1AB674ADFE9D54B511CA2CBB /* Products */ = {
			isa = PBXGroup;
			children = (
				585CF2970ED72481003B673B /* UnitTesting */,
			);
			name = Products;
			sourceTree = "<group>";
		};
		58031C2D0ECDDF790091F0D9 /* Linked Libraries */ = {
			isa = PBXGroup;
			children = (
				585CF2880ED7231D003B673B /* libxerces-c.28.0.dylib */,
				585CF2760ED72239003B673B /* gtest.framework */,
				585CF2770ED72239003B673B /* WildcatUtility.framework */,
			);
			name = "Linked Libraries";
			sourceTree = "<group>";
		};
		585CF2B50ED724B4003B673B /* Tests */ = {
			isa = PBXGroup;
			children = (
				585CF28D0ED7236A003B673B /* test_vector.cpp */,
			);
			name = Tests;
			sourceTree = "<group>";
		};
/* End PBXGroup section */

/* Begin PBXNativeTarget section */
		8DD76F620486A84900D96B5E /* UnitTesting */ = {
			isa = PBXNativeTarget;
			buildConfigurationList = 1DEB923108733DC60010E9CD /* Build configuration list for PBXNativeTarget "UnitTesting" */;
			buildPhases = (
				8DD76F640486A84900D96B5E /* Sources */,
				8DD76F660486A84900D96B5E /* Frameworks */,
				8DD76F690486A84900D96B5E /* CopyFiles */,
			);
			buildRules = (
			);
			dependencies = (
			);
			name = UnitTesting;
			productInstallPath = "$(HOME)/bin";
			productName = boost_test;
			productReference = 585CF2970ED72481003B673B /* UnitTesting */;
			productType = "com.apple.product-type.tool";
		};
/* End PBXNativeTarget section */

/* Begin PBXProject section */
		08FB7793FE84155DC02AAC07 /* Project object */ = {
			isa = PBXProject;
			buildConfigurationList = 1DEB923508733DC60010E9CD /* Build configuration list for PBXProject "Testing" */;
			compatibilityVersion = "Xcode 3.1";
			hasScannedForEncodings = 1;
			mainGroup = 08FB7794FE84155DC02AAC07 /* boost_test */;
			projectDirPath = "";
			projectRoot = "";
			targets = (
				8DD76F620486A84900D96B5E /* UnitTesting */,
			);
		};
/* End PBXProject section */

/* Begin PBXSourcesBuildPhase section */
		8DD76F640486A84900D96B5E /* Sources */ = {
			isa = PBXSourcesBuildPhase;
			buildActionMask = 2147483647;
			files = (
				8DD76F650486A84900D96B5E /* main.cpp in Sources */,
				585CF28E0ED7236A003B673B /* test_vector.cpp in Sources */,
			);
			runOnlyForDeploymentPostprocessing = 0;
		};
/* End PBXSourcesBuildPhase section */

/* Begin XCBuildConfiguration section */
		1DEB923208733DC60010E9CD /* Debug */ = {
			isa = XCBuildConfiguration;
			buildSettings = {
				ALWAYS_SEARCH_USER_PATHS = NO;
				COPY_PHASE_STRIP = NO;
				FRAMEWORK_SEARCH_PATHS = (
					"$(inherited)",
					"\"$(SRCROOT)/../../Documents/wildcat-cad/trunk/Build/MacOS/Debug\"",
					"\"$(SRCROOT)/../gtest-1.1.0/xcode/build/Release\"",
				);
				GCC_DYNAMIC_NO_PIC = NO;
				GCC_ENABLE_FIX_AND_CONTINUE = YES;
				GCC_MODEL_TUNING = G5;
				GCC_OPTIMIZATION_LEVEL = 0;
				GCC_PREPROCESSOR_DEFINITIONS = (
					"_GLIBCXX_DEBUG=1",
					"_GLIBCXX_DEBUG_PEDANTIC=1",
				);
				INSTALL_PATH = /usr/local/bin;
				LIBRARY_SEARCH_PATHS = (
					"$(inherited)",
					"\"$(SRCROOT)/../../Documents/wildcat-cad/trunk/Dependencies/xerces-c-src_2_8_0/lib\"",
					"\"$(SRCROOT)/../Dependencies/xerces-c-src_2_8_0/lib\"",
				);
				PRODUCT_NAME = UnitTesting;
			};
			name = Debug;
		};
		1DEB923308733DC60010E9CD /* Release */ = {
			isa = XCBuildConfiguration;
			buildSettings = {
				ALWAYS_SEARCH_USER_PATHS = NO;
				DEBUG_INFORMATION_FORMAT = "dwarf-with-dsym";
				FRAMEWORK_SEARCH_PATHS = (
					"$(inherited)",
					"\"$(SRCROOT)/../../Documents/wildcat-cad/trunk/Build/MacOS/Debug\"",
					"\"$(SRCROOT)/../gtest-1.1.0/xcode/build/Release\"",
				);
				GCC_MODEL_TUNING = G5;
				INSTALL_PATH = /usr/local/bin;
				LIBRARY_SEARCH_PATHS = (
					"$(inherited)",
					"\"$(SRCROOT)/../../Documents/wildcat-cad/trunk/Dependencies/xerces-c-src_2_8_0/lib\"",
					"\"$(SRCROOT)/../Dependencies/xerces-c-src_2_8_0/lib\"",
				);
				PRODUCT_NAME = boost_test;
			};
			name = Release;
		};
		1DEB923608733DC60010E9CD /* Debug */ = {
			isa = XCBuildConfiguration;
			buildSettings = {
				ARCHS = "$(ARCHS_STANDARD_32_BIT)";
				GCC_C_LANGUAGE_STANDARD = c99;
				GCC_OPTIMIZATION_LEVEL = 0;
				GCC_PRECOMPILE_PREFIX_HEADER = NO;
				GCC_WARN_ABOUT_RETURN_TYPE = YES;
				GCC_WARN_UNUSED_VARIABLE = YES;
				HEADER_SEARCH_PATHS = (
					"../Dependencies/xerces-c-src_2_8_0/include",
					../Source,
				);
				ONLY_ACTIVE_ARCH = YES;
				PREBINDING = NO;
				SDKROOT = macosx10.5;
			};
			name = Debug;
		};
		1DEB923708733DC60010E9CD /* Release */ = {
			isa = XCBuildConfiguration;
			buildSettings = {
				ARCHS = "$(ARCHS_STANDARD_32_BIT)";
				GCC_C_LANGUAGE_STANDARD = c99;
				GCC_WARN_ABOUT_RETURN_TYPE = YES;
				GCC_WARN_UNUSED_VARIABLE = YES;
				PREBINDING = NO;
				SDKROOT = macosx10.5;
			};
			name = Release;
		};
/* End XCBuildConfiguration section */

/* Begin XCConfigurationList section */
		1DEB923108733DC60010E9CD /* Build configuration list for PBXNativeTarget "UnitTesting" */ = {
			isa = XCConfigurationList;
			buildConfigurations = (
				1DEB923208733DC60010E9CD /* Debug */,
				1DEB923308733DC60010E9CD /* Release */,
			);
			defaultConfigurationIsVisible = 0;
			defaultConfigurationName = Release;
		};
		1DEB923508733DC60010E9CD /* Build configuration list for PBXProject "Testing" */ = {
			isa = XCConfigurationList;
			buildConfigurations = (
				1DEB923608733DC60010E9CD /* Debug */,
				1DEB923708733DC60010E9CD /* Release */,
			);
			defaultConfigurationIsVisible = 0;
			defaultConfigurationName = Release;
		};
/* End XCConfigurationList section */
	};
	rootObject = 08FB7793FE84155DC02AAC07 /* Project object */;
}
